{
    "name": "myapp",
    "version": "1.0.0",
    "lockfileVersion": 3,
    "requires": true,
    "packages": {
        "": {
            "name": "myapp",
            "version": "1.0.0",
            "engines": {
                "node": "12.11.1",
                "npm": "6.14.8"
            }
        }
    }
}
